
Microsoft Visual Studio Solution File, Format Version 12.00
# Visual Studio Version 17
VisualStudioVersion = 17.10.35122.118
MinimumVisualStudioVersion = 10.0.40219.1
Project("{FAE04EC0-301F-11D3-BF4B-00C04F79EFBC}") = "fifoProject1", "fifoProject1\fifoProject1.csproj", "{850AF474-9DA4-4C15-91C2-4919E6A3810E}"
EndProject
Project("{FAE04EC0-301F-11D3-BF4B-00C04F79EFBC}") = "fifoHR", "fifoHR\fifoHR.csproj", "{59532761-3DEE-4294-ACD7-3B67312D1A9D}"
EndProject
Global
	GlobalSection(SolutionConfigurationPlatforms) = preSolution
		Debug|Any CPU = Debug|Any CPU
		Release|Any CPU = Release|Any CPU
	EndGlobalSection
	GlobalSection(ProjectConfigurationPlatforms) = postSolution
		{850AF474-9DA4-4C15-91C2-4919E6A3810E}.Debug|Any CPU.ActiveCfg = Debug|Any CPU
		{850AF474-9DA4-4C15-91C2-4919E6A3810E}.Debug|Any CPU.Build.0 = Debug|Any CPU
		{850AF474-9DA4-4C15-91C2-4919E6A3810E}.Release|Any CPU.ActiveCfg = Release|Any CPU
		{850AF474-9DA4-4C15-91C2-4919E6A3810E}.Release|Any CPU.Build.0 = Release|Any CPU
		{59532761-3DEE-4294-ACD7-3B67312D1A9D}.Debug|Any CPU.ActiveCfg = Debug|Any CPU
		{59532761-3DEE-4294-ACD7-3B67312D1A9D}.Debug|Any CPU.Build.0 = Debug|Any CPU
		{59532761-3DEE-4294-ACD7-3B67312D1A9D}.Release|Any CPU.ActiveCfg = Release|Any CPU
		{59532761-3DEE-4294-ACD7-3B67312D1A9D}.Release|Any CPU.Build.0 = Release|Any CPU
	EndGlobalSection
	GlobalSection(SolutionProperties) = preSolution
		HideSolutionNode = FALSE
	EndGlobalSection
	GlobalSection(ExtensibilityGlobals) = postSolution
		SolutionGuid = {96A28CF9-10AA-4D83-BFD0-B6416FA62C36}
	EndGlobalSection
EndGlobal
